
Microsoft Visual Studio Solution File, Format Version 12.00
# Visual Studio Version 16
VisualStudioVersion = 16.0.29806.167
MinimumVisualStudioVersion = 15.0.26124.0
Project("{2150E333-8FDC-42A3-9474-1A3956D46DE8}") = "Shared", "Shared", "{D6720605-E661-49F1-80D6-414213EEF770}"
EndProject
Project("{9A19103F-16F7-4668-BE54-9A1E7A4F7556}") = "EventHorizon.Observer", "Shared\EventHorizon.Observer\EventHorizon.Observer.csproj", "{A1488F14-B789-44E0-8F0C-A8C359B5EF9A}"
EndProject
Project("{9A19103F-16F7-4668-BE54-9A1E7A4F7556}") = "EventHorizon.Common", "Shared\EventHorizon.Common\EventHorizon.Common.csproj", "{810AD323-1CD7-47AB-AFE9-50B82B0B12B1}"
EndProject
Project("{2150E333-8FDC-42A3-9474-1A3956D46DE8}") = "Server", "Server", "{A1BDAF63-9C8B-44A8-B255-5CB2594FA5E1}"
EndProject
Project("{9A19103F-16F7-4668-BE54-9A1E7A4F7556}") = "EventHorizon.Blazor.Chat.Server", "Server\EventHorizon.Blazor.Server\EventHorizon.Blazor.Chat.Server.csproj", "{03A29159-AA38-4F22-95B4-56CA3BCA4791}"
EndProject
Project("{2150E333-8FDC-42A3-9474-1A3956D46DE8}") = "Clients", "Clients", "{87E51893-BC17-410D-90A5-AEFEE253C698}"
EndProject
Project("{2150E333-8FDC-42A3-9474-1A3956D46DE8}") = "Mobile", "Mobile", "{DCD5700C-D1C2-400A-AF5E-5F8EE1BC2025}"
EndProject
Project("{9A19103F-16F7-4668-BE54-9A1E7A4F7556}") = "EventHorizon.Blazor.Chat.Mobile", "Clients\Mobile\EventHorizon.Blazor.Chat.Mobile\EventHorizon.Blazor.Chat.Mobile.csproj", "{20D25BF1-C4A8-4B17-A6F8-B71A048A228F}"
EndProject
Project("{FAE04EC0-301F-11D3-BF4B-00C04F79EFBC}") = "EventHorizon.Blazor.Chat.Mobile.Android", "Clients\Mobile\EventHorizon.Blazor.Chat.Mobile.Android\EventHorizon.Blazor.Chat.Mobile.Android.csproj", "{23AAFE20-F45E-4A26-BB7D-3F1CB0722E63}"
EndProject
Project("{2150E333-8FDC-42A3-9474-1A3956D46DE8}") = "Desktop", "Desktop", "{E262E811-E6DF-4ADE-B7F2-F58A57000962}"
EndProject
Project("{9A19103F-16F7-4668-BE54-9A1E7A4F7556}") = "EventHorizon.Blazor.Chat.Desktop", "Clients\Desktop\EventHorizon.Blazor.Chat.Desktop\EventHorizon.Blazor.Chat.Desktop.csproj", "{152C9F34-F5CC-476A-A85D-5973C9979C80}"
EndProject
Project("{2150E333-8FDC-42A3-9474-1A3956D46DE8}") = "Website", "Website", "{A48430B7-D3AE-4874-A04E-4686ED34F7AF}"
EndProject
Project("{9A19103F-16F7-4668-BE54-9A1E7A4F7556}") = "EventHorizon.Blazor.Chat.Website", "Clients\Website\EventHorizon.Blazor.Chat.Website\EventHorizon.Blazor.Chat.Website.csproj", "{2F074BA2-4765-4650-8176-8A39194F1ECD}"
EndProject
Project("{2150E333-8FDC-42A3-9474-1A3956D46DE8}") = "Solution Items", "Solution Items", "{E069025D-F37A-4746-9547-396B8F27699C}"
	ProjectSection(SolutionItems) = preProject
		README.md = README.md
	EndProjectSection
EndProject
Project("{9A19103F-16F7-4668-BE54-9A1E7A4F7556}") = "EventHorizon.Blazor.Chat.Model", "Shared\EventHorizon.Blazor.Chat.Model\EventHorizon.Blazor.Chat.Model.csproj", "{91C148B3-892D-4325-896C-BE5F41367A6C}"
EndProject
Global
	GlobalSection(SolutionConfigurationPlatforms) = preSolution
		Debug|Any CPU = Debug|Any CPU
		Debug|x64 = Debug|x64
		Debug|x86 = Debug|x86
		Release|Any CPU = Release|Any CPU
		Release|x64 = Release|x64
		Release|x86 = Release|x86
	EndGlobalSection
	GlobalSection(ProjectConfigurationPlatforms) = postSolution
		{A1488F14-B789-44E0-8F0C-A8C359B5EF9A}.Debug|Any CPU.ActiveCfg = Debug|Any CPU
		{A1488F14-B789-44E0-8F0C-A8C359B5EF9A}.Debug|Any CPU.Build.0 = Debug|Any CPU
		{A1488F14-B789-44E0-8F0C-A8C359B5EF9A}.Debug|x64.ActiveCfg = Debug|Any CPU
		{A1488F14-B789-44E0-8F0C-A8C359B5EF9A}.Debug|x64.Build.0 = Debug|Any CPU
		{A1488F14-B789-44E0-8F0C-A8C359B5EF9A}.Debug|x86.ActiveCfg = Debug|Any CPU
		{A1488F14-B789-44E0-8F0C-A8C359B5EF9A}.Debug|x86.Build.0 = Debug|Any CPU
		{A1488F14-B789-44E0-8F0C-A8C359B5EF9A}.Release|Any CPU.ActiveCfg = Release|Any CPU
		{A1488F14-B789-44E0-8F0C-A8C359B5EF9A}.Release|Any CPU.Build.0 = Release|Any CPU
		{A1488F14-B789-44E0-8F0C-A8C359B5EF9A}.Release|x64.ActiveCfg = Release|Any CPU
		{A1488F14-B789-44E0-8F0C-A8C359B5EF9A}.Release|x64.Build.0 = Release|Any CPU
		{A1488F14-B789-44E0-8F0C-A8C359B5EF9A}.Release|x86.ActiveCfg = Release|Any CPU
		{A1488F14-B789-44E0-8F0C-A8C359B5EF9A}.Release|x86.Build.0 = Release|Any CPU
		{810AD323-1CD7-47AB-AFE9-50B82B0B12B1}.Debug|Any CPU.ActiveCfg = Debug|Any CPU
		{810AD323-1CD7-47AB-AFE9-50B82B0B12B1}.Debug|Any CPU.Build.0 = Debug|Any CPU
		{810AD323-1CD7-47AB-AFE9-50B82B0B12B1}.Debug|x64.ActiveCfg = Debug|Any CPU
		{810AD323-1CD7-47AB-AFE9-50B82B0B12B1}.Debug|x64.Build.0 = Debug|Any CPU
		{810AD323-1CD7-47AB-AFE9-50B82B0B12B1}.Debug|x86.ActiveCfg = Debug|Any CPU
		{810AD323-1CD7-47AB-AFE9-50B82B0B12B1}.Debug|x86.Build.0 = Debug|Any CPU
		{810AD323-1CD7-47AB-AFE9-50B82B0B12B1}.Release|Any CPU.ActiveCfg = Release|Any CPU
		{810AD323-1CD7-47AB-AFE9-50B82B0B12B1}.Release|Any CPU.Build.0 = Release|Any CPU
		{810AD323-1CD7-47AB-AFE9-50B82B0B12B1}.Release|x64.ActiveCfg = Release|Any CPU
		{810AD323-1CD7-47AB-AFE9-50B82B0B12B1}.Release|x64.Build.0 = Release|Any CPU
		{810AD323-1CD7-47AB-AFE9-50B82B0B12B1}.Release|x86.ActiveCfg = Release|Any CPU
		{810AD323-1CD7-47AB-AFE9-50B82B0B12B1}.Release|x86.Build.0 = Release|Any CPU
		{03A29159-AA38-4F22-95B4-56CA3BCA4791}.Debug|Any CPU.ActiveCfg = Debug|Any CPU
		{03A29159-AA38-4F22-95B4-56CA3BCA4791}.Debug|Any CPU.Build.0 = Debug|Any CPU
		{03A29159-AA38-4F22-95B4-56CA3BCA4791}.Debug|x64.ActiveCfg = Debug|Any CPU
		{03A29159-AA38-4F22-95B4-56CA3BCA4791}.Debug|x64.Build.0 = Debug|Any CPU
		{03A29159-AA38-4F22-95B4-56CA3BCA4791}.Debug|x86.ActiveCfg = Debug|Any CPU
		{03A29159-AA38-4F22-95B4-56CA3BCA4791}.Debug|x86.Build.0 = Debug|Any CPU
		{03A29159-AA38-4F22-95B4-56CA3BCA4791}.Release|Any CPU.ActiveCfg = Release|Any CPU
		{03A29159-AA38-4F22-95B4-56CA3BCA4791}.Release|Any CPU.Build.0 = Release|Any CPU
		{03A29159-AA38-4F22-95B4-56CA3BCA4791}.Release|x64.ActiveCfg = Release|Any CPU
		{03A29159-AA38-4F22-95B4-56CA3BCA4791}.Release|x64.Build.0 = Release|Any CPU
		{03A29159-AA38-4F22-95B4-56CA3BCA4791}.Release|x86.ActiveCfg = Release|Any CPU
		{03A29159-AA38-4F22-95B4-56CA3BCA4791}.Release|x86.Build.0 = Release|Any CPU
		{20D25BF1-C4A8-4B17-A6F8-B71A048A228F}.Debug|Any CPU.ActiveCfg = Debug|Any CPU
		{20D25BF1-C4A8-4B17-A6F8-B71A048A228F}.Debug|Any CPU.Build.0 = Debug|Any CPU
		{20D25BF1-C4A8-4B17-A6F8-B71A048A228F}.Debug|x64.ActiveCfg = Debug|Any CPU
		{20D25BF1-C4A8-4B17-A6F8-B71A048A228F}.Debug|x64.Build.0 = Debug|Any CPU
		{20D25BF1-C4A8-4B17-A6F8-B71A048A228F}.Debug|x86.ActiveCfg = Debug|Any CPU
		{20D25BF1-C4A8-4B17-A6F8-B71A048A228F}.Debug|x86.Build.0 = Debug|Any CPU
		{20D25BF1-C4A8-4B17-A6F8-B71A048A228F}.Release|Any CPU.ActiveCfg = Release|Any CPU
		{20D25BF1-C4A8-4B17-A6F8-B71A048A228F}.Release|Any CPU.Build.0 = Release|Any CPU
		{20D25BF1-C4A8-4B17-A6F8-B71A048A228F}.Release|x64.ActiveCfg = Release|Any CPU
		{20D25BF1-C4A8-4B17-A6F8-B71A048A228F}.Release|x64.Build.0 = Release|Any CPU
		{20D25BF1-C4A8-4B17-A6F8-B71A048A228F}.Release|x86.ActiveCfg = Release|Any CPU
		{20D25BF1-C4A8-4B17-A6F8-B71A048A228F}.Release|x86.Build.0 = Release|Any CPU
		{23AAFE20-F45E-4A26-BB7D-3F1CB0722E63}.Debug|Any CPU.ActiveCfg = Debug|Any CPU
		{23AAFE20-F45E-4A26-BB7D-3F1CB0722E63}.Debug|Any CPU.Build.0 = Debug|Any CPU
		{23AAFE20-F45E-4A26-BB7D-3F1CB0722E63}.Debug|Any CPU.Deploy.0 = Debug|Any CPU
		{23AAFE20-F45E-4A26-BB7D-3F1CB0722E63}.Debug|x64.ActiveCfg = Debug|Any CPU
		{23AAFE20-F45E-4A26-BB7D-3F1CB0722E63}.Debug|x64.Build.0 = Debug|Any CPU
		{23AAFE20-F45E-4A26-BB7D-3F1CB0722E63}.Debug|x64.Deploy.0 = Debug|Any CPU
		{23AAFE20-F45E-4A26-BB7D-3F1CB0722E63}.Debug|x86.ActiveCfg = Debug|Any CPU
		{23AAFE20-F45E-4A26-BB7D-3F1CB0722E63}.Debug|x86.Build.0 = Debug|Any CPU
		{23AAFE20-F45E-4A26-BB7D-3F1CB0722E63}.Debug|x86.Deploy.0 = Debug|Any CPU
		{23AAFE20-F45E-4A26-BB7D-3F1CB0722E63}.Release|Any CPU.ActiveCfg = Release|Any CPU
		{23AAFE20-F45E-4A26-BB7D-3F1CB0722E63}.Release|Any CPU.Build.0 = Release|Any CPU
		{23AAFE20-F45E-4A26-BB7D-3F1CB0722E63}.Release|Any CPU.Deploy.0 = Release|Any CPU
		{23AAFE20-F45E-4A26-BB7D-3F1CB0722E63}.Release|x64.ActiveCfg = Release|Any CPU
		{23AAFE20-F45E-4A26-BB7D-3F1CB0722E63}.Release|x64.Build.0 = Release|Any CPU
		{23AAFE20-F45E-4A26-BB7D-3F1CB0722E63}.Release|x64.Deploy.0 = Release|Any CPU
		{23AAFE20-F45E-4A26-BB7D-3F1CB0722E63}.Release|x86.ActiveCfg = Release|Any CPU
		{23AAFE20-F45E-4A26-BB7D-3F1CB0722E63}.Release|x86.Build.0 = Release|Any CPU
		{23AAFE20-F45E-4A26-BB7D-3F1CB0722E63}.Release|x86.Deploy.0 = Release|Any CPU
		{152C9F34-F5CC-476A-A85D-5973C9979C80}.Debug|Any CPU.ActiveCfg = Debug|Any CPU
		{152C9F34-F5CC-476A-A85D-5973C9979C80}.Debug|Any CPU.Build.0 = Debug|Any CPU
		{152C9F34-F5CC-476A-A85D-5973C9979C80}.Debug|x64.ActiveCfg = Debug|Any CPU
		{152C9F34-F5CC-476A-A85D-5973C9979C80}.Debug|x64.Build.0 = Debug|Any CPU
		{152C9F34-F5CC-476A-A85D-5973C9979C80}.Debug|x86.ActiveCfg = Debug|Any CPU
		{152C9F34-F5CC-476A-A85D-5973C9979C80}.Debug|x86.Build.0 = Debug|Any CPU
		{152C9F34-F5CC-476A-A85D-5973C9979C80}.Release|Any CPU.ActiveCfg = Release|Any CPU
		{152C9F34-F5CC-476A-A85D-5973C9979C80}.Release|Any CPU.Build.0 = Release|Any CPU
		{152C9F34-F5CC-476A-A85D-5973C9979C80}.Release|x64.ActiveCfg = Release|Any CPU
		{152C9F34-F5CC-476A-A85D-5973C9979C80}.Release|x64.Build.0 = Release|Any CPU
		{152C9F34-F5CC-476A-A85D-5973C9979C80}.Release|x86.ActiveCfg = Release|Any CPU
		{152C9F34-F5CC-476A-A85D-5973C9979C80}.Release|x86.Build.0 = Release|Any CPU
		{2F074BA2-4765-4650-8176-8A39194F1ECD}.Debug|Any CPU.ActiveCfg = Debug|Any CPU
		{2F074BA2-4765-4650-8176-8A39194F1ECD}.Debug|Any CPU.Build.0 = Debug|Any CPU
		{2F074BA2-4765-4650-8176-8A39194F1ECD}.Debug|x64.ActiveCfg = Debug|Any CPU
		{2F074BA2-4765-4650-8176-8A39194F1ECD}.Debug|x64.Build.0 = Debug|Any CPU
		{2F074BA2-4765-4650-8176-8A39194F1ECD}.Debug|x86.ActiveCfg = Debug|Any CPU
		{2F074BA2-4765-4650-8176-8A39194F1ECD}.Debug|x86.Build.0 = Debug|Any CPU
		{2F074BA2-4765-4650-8176-8A39194F1ECD}.Release|Any CPU.ActiveCfg = Release|Any CPU
		{2F074BA2-4765-4650-8176-8A39194F1ECD}.Release|Any CPU.Build.0 = Release|Any CPU
		{2F074BA2-4765-4650-8176-8A39194F1ECD}.Release|x64.ActiveCfg = Release|Any CPU
		{2F074BA2-4765-4650-8176-8A39194F1ECD}.Release|x64.Build.0 = Release|Any CPU
		{2F074BA2-4765-4650-8176-8A39194F1ECD}.Release|x86.ActiveCfg = Release|Any CPU
		{2F074BA2-4765-4650-8176-8A39194F1ECD}.Release|x86.Build.0 = Release|Any CPU
		{91C148B3-892D-4325-896C-BE5F41367A6C}.Debug|Any CPU.ActiveCfg = Debug|Any CPU
		{91C148B3-892D-4325-896C-BE5F41367A6C}.Debug|Any CPU.Build.0 = Debug|Any CPU
		{91C148B3-892D-4325-896C-BE5F41367A6C}.Debug|x64.ActiveCfg = Debug|Any CPU
		{91C148B3-892D-4325-896C-BE5F41367A6C}.Debug|x64.Build.0 = Debug|Any CPU
		{91C148B3-892D-4325-896C-BE5F41367A6C}.Debug|x86.ActiveCfg = Debug|Any CPU
		{91C148B3-892D-4325-896C-BE5F41367A6C}.Debug|x86.Build.0 = Debug|Any CPU
		{91C148B3-892D-4325-896C-BE5F41367A6C}.Release|Any CPU.ActiveCfg = Release|Any CPU
		{91C148B3-892D-4325-896C-BE5F41367A6C}.Release|Any CPU.Build.0 = Release|Any CPU
		{91C148B3-892D-4325-896C-BE5F41367A6C}.Release|x64.ActiveCfg = Release|Any CPU
		{91C148B3-892D-4325-896C-BE5F41367A6C}.Release|x64.Build.0 = Release|Any CPU
		{91C148B3-892D-4325-896C-BE5F41367A6C}.Release|x86.ActiveCfg = Release|Any CPU
		{91C148B3-892D-4325-896C-BE5F41367A6C}.Release|x86.Build.0 = Release|Any CPU
	EndGlobalSection
	GlobalSection(SolutionProperties) = preSolution
		HideSolutionNode = FALSE
	EndGlobalSection
	GlobalSection(NestedProjects) = preSolution
		{A1488F14-B789-44E0-8F0C-A8C359B5EF9A} = {D6720605-E661-49F1-80D6-414213EEF770}
		{810AD323-1CD7-47AB-AFE9-50B82B0B12B1} = {D6720605-E661-49F1-80D6-414213EEF770}
		{03A29159-AA38-4F22-95B4-56CA3BCA4791} = {A1BDAF63-9C8B-44A8-B255-5CB2594FA5E1}
		{DCD5700C-D1C2-400A-AF5E-5F8EE1BC2025} = {87E51893-BC17-410D-90A5-AEFEE253C698}
		{20D25BF1-C4A8-4B17-A6F8-B71A048A228F} = {DCD5700C-D1C2-400A-AF5E-5F8EE1BC2025}
		{23AAFE20-F45E-4A26-BB7D-3F1CB0722E63} = {DCD5700C-D1C2-400A-AF5E-5F8EE1BC2025}
		{E262E811-E6DF-4ADE-B7F2-F58A57000962} = {87E51893-BC17-410D-90A5-AEFEE253C698}
		{152C9F34-F5CC-476A-A85D-5973C9979C80} = {E262E811-E6DF-4ADE-B7F2-F58A57000962}
		{A48430B7-D3AE-4874-A04E-4686ED34F7AF} = {87E51893-BC17-410D-90A5-AEFEE253C698}
		{2F074BA2-4765-4650-8176-8A39194F1ECD} = {A48430B7-D3AE-4874-A04E-4686ED34F7AF}
		{91C148B3-892D-4325-896C-BE5F41367A6C} = {D6720605-E661-49F1-80D6-414213EEF770}
	EndGlobalSection
	GlobalSection(ExtensibilityGlobals) = postSolution
		SolutionGuid = {3BAB3AEF-3CE8-4077-8C17-7ECDC0AC27C3}
	EndGlobalSection
EndGlobal
